
Microsoft Visual Studio Solution File, Format Version 12.00
# Visual Studio 15
VisualStudioVersion = 15.0.27004.2005
MinimumVisualStudioVersion = 10.0.40219.1
Project("{FAE04EC0-301F-11D3-BF4B-00C04F79EFBC}") = "Tests", "Tests\Tests.csproj", "{2B0C3B2E-BAF6-458E-B624-BAFFB3FA3D90}"
EndProject
Project("{FAE04EC0-301F-11D3-BF4B-00C04F79EFBC}") = "WinForms.Extras", "WinForms.Extras\WinForms.Extras.csproj", "{F9E8F7DC-00CB-4B1D-A8CA-26CE4D8B389C}"
EndProject
Global
	GlobalSection(SolutionConfigurationPlatforms) = preSolution
		Debug|Any CPU = Debug|Any CPU
		Release|Any CPU = Release|Any CPU
	EndGlobalSection
	GlobalSection(ProjectConfigurationPlatforms) = postSolution
		{2B0C3B2E-BAF6-458E-B624-BAFFB3FA3D90}.Debug|Any CPU.ActiveCfg = Debug|Any CPU
		{2B0C3B2E-BAF6-458E-B624-BAFFB3FA3D90}.Debug|Any CPU.Build.0 = Debug|Any CPU
		{2B0C3B2E-BAF6-458E-B624-BAFFB3FA3D90}.Release|Any CPU.ActiveCfg = Release|Any CPU
		{2B0C3B2E-BAF6-458E-B624-BAFFB3FA3D90}.Release|Any CPU.Build.0 = Release|Any CPU
		{F9E8F7DC-00CB-4B1D-A8CA-26CE4D8B389C}.Debug|Any CPU.ActiveCfg = Debug|Any CPU
		{F9E8F7DC-00CB-4B1D-A8CA-26CE4D8B389C}.Debug|Any CPU.Build.0 = Debug|Any CPU
		{F9E8F7DC-00CB-4B1D-A8CA-26CE4D8B389C}.Release|Any CPU.ActiveCfg = Release|Any CPU
		{F9E8F7DC-00CB-4B1D-A8CA-26CE4D8B389C}.Release|Any CPU.Build.0 = Release|Any CPU
	EndGlobalSection
	GlobalSection(SolutionProperties) = preSolution
		HideSolutionNode = FALSE
	EndGlobalSection
	GlobalSection(ExtensibilityGlobals) = postSolution
		SolutionGuid = {C06828B6-398D-4575-A443-09A62D3E743C}
	EndGlobalSection
EndGlobal
